{
  "name": "HBD_fallingcat",
  "lockfileVersion": 3,
  "requires": true,
  "packages": {
    "": {
      "dependencies": {
        "balloons-js": "^0.0.3"
      }
    },
    "node_modules/balloons-js": {
      "version": "0.0.3",
      "resolved": "https://registry.npmjs.org/balloons-js/-/balloons-js-0.0.3.tgz",
      "integrity": "sha512-5Mfy2VH2lC0WhX9jUvlkeKac+47reQq6naaNys+xFM2l+n+4jXoxGwwfnCyAdeXJh2IcRK+2LdD0cpOtyxEZzA==",
      "license": "MIT",
      "engines": {
        "node": ">=12.0.0"
      }
    }
  }
}
